<?xml version="1.0" encoding="utf-8"?>
<Project ToolsVersion="4.0" xmlns="http://schemas.microsoft.com/developer/msbuild/2003">
  <ItemGroup>
    <Filter Include="Source Files">
      <UniqueIdentifier>{4FC737F1-C7A5-4376-A066-2A32D752A2FF}</UniqueIdentifier>
      <Extensions>cpp;c;cc;cxx;c++;cppm;ixx;def;odl;idl;hpj;bat;asm;asmx</Extensions>
    </Filter>
    <Filter Include="Header Files">
      <UniqueIdentifier>{93995380-89BD-4b04-88EB-625FBE52EBFB}</UniqueIdentifier>
      <Extensions>h;hh;hpp;hxx;h++;hm;inl;inc;ipp;xsd</Extensions>
    </Filter>
    <Filter Include="Resource Files">
      <UniqueIdentifier>{67DA6AB6-F800-4c08-8B7A-83BB121AAD01}</UniqueIdentifier>
      <Extensions>rc;ico;cur;bmp;dlg;rc2;rct;bin;rgs;gif;jpg;jpeg;jpe;resx;tiff;tif;png;wav;mfcribbon-ms</Extensions>
    </Filter>
    <Filter Include="Source Files\C++_OPP%27s">
      <UniqueIdentifier>{4a93f5ff-222b-4965-b9d3-a3c8312b6827}</UniqueIdentifier>
    </Filter>
    <Filter Include="Source Files\C_Programs">
      <UniqueIdentifier>{324b1581-fcb3-4031-900c-f1a3acc08e90}</UniqueIdentifier>
    </Filter>
    <Filter Include="Source Files\C++_Projects">
      <UniqueIdentifier>{149f84bf-57d6-4864-bdb1-5a5e3eff7dc4}</UniqueIdentifier>
    </Filter>
    <Filter Include="Source Files\C++ Concepts">
      <UniqueIdentifier>{192a8a61-70a0-414b-b12e-76beebc5eea2}</UniqueIdentifier>
    </Filter>
    <Filter Include="Source Files\College_Lectures">
      <UniqueIdentifier>{0e5255f0-de7a-4af5-a570-6e2960e9146e}</UniqueIdentifier>
    </Filter>
  </ItemGroup>
  <ItemGroup>
    <ClCompile Include="Bubble_sort.cpp">
      <Filter>Source Files</Filter>
    </ClCompile>
    <ClCompile Include="Encapsulation(yt).cpp">
      <Filter>Source Files\C++_OPP%27s</Filter>
    </ClCompile>
    <ClCompile Include="Constructors(yt).cpp">
      <Filter>Source Files\C++_OPP%27s</Filter>
    </ClCompile>
    <ClCompile Include="Class%27n%27Object%28yt%29.cpp">
      <Filter>Source Files\C++_OPP%27s</Filter>
    </ClCompile>
    <ClCompile Include="pp.C">
      <Filter>Source Files\C_Programs</Filter>
    </ClCompile>
    <ClCompile Include="Astrix_HllwTrngle.C">
      <Filter>Source Files\C_Programs</Filter>
    </ClCompile>
    <ClCompile Include="ATM.cpp">
      <Filter>Source Files\C++_Projects</Filter>
    </ClCompile>
    <ClCompile Include="NoDaysFinder.cpp">
      <Filter>Source Files\C++_Projects</Filter>
    </ClCompile>
    <ClCompile Include="NumberGuesing.cpp">
      <Filter>Source Files\C++_Projects</Filter>
    </ClCompile>
    <ClCompile Include="OPPS(Lecture).cpp">
      <Filter>Source Files\C++_OPP%27s</Filter>
    </ClCompile>
    <ClCompile Include="PIN_Validation.cpp">
      <Filter>Source Files\C++_Projects</Filter>
    </ClCompile>
    <ClCompile Include="Range_Sum(Recursion).cpp">
      <Filter>Source Files\C++_Projects</Filter>
    </ClCompile>
    <ClCompile Include="RangePrimeFinder.cpp">
      <Filter>Source Files\C++_Projects</Filter>
    </ClCompile>
    <ClCompile Include="RectangleMaker.cpp">
      <Filter>Source Files\C++_Projects</Filter>
    </ClCompile>
    <ClCompile Include="Swapper_Template.cpp">
      <Filter>Source Files\C++_OPP%27s</Filter>
    </ClCompile>
    <ClCompile Include="Inheritance(yt).cpp">
      <Filter>Source Files\C++_OPP%27s</Filter>
    </ClCompile>
    <ClCompile Include="Polymorphism(yt).cpp">
      <Filter>Source Files\C++_OPP%27s</Filter>
    </ClCompile>
    <ClCompile Include="Constructors(Student).cpp">
      <Filter>Source Files\C++_OPP%27s</Filter>
    </ClCompile>
    <ClCompile Include="EvenOddSeperator(Array).C">
      <Filter>Source Files\C_Programs</Filter>
    </ClCompile>
    <ClCompile Include="StudentDB.C">
      <Filter>Source Files\C_Programs</Filter>
    </ClCompile>
    <ClCompile Include="StudentDB(structres).C">
      <Filter>Source Files\C_Programs</Filter>
    </ClCompile>
    <ClCompile Include="studentDb%28final%29.C">
      <Filter>Source Files\C_Programs</Filter>
    </ClCompile>
    <ClCompile Include="Array_Operations.cpp">
      <Filter>Source Files\C++ Concepts</Filter>
    </ClCompile>
    <ClCompile Include="EvenOdd_Seperator(Array).cpp">
      <Filter>Source Files\C++_Projects</Filter>
    </ClCompile>
    <ClCompile Include="MultiDimentional_Array.cpp">
      <Filter>Source Files\C++ Concepts</Filter>
    </ClCompile>
    <ClCompile Include="Array_Operation.C">
      <Filter>Source Files\C_Programs</Filter>
    </ClCompile>
    <ClCompile Include="Structures.cpp">
      <Filter>Source Files\C++ Concepts</Filter>
    </ClCompile>
    <ClCompile Include="Maps%28aka Dictionary%29.cpp">
      <Filter>Source Files\C++ Concepts</Filter>
    </ClCompile>
    <ClCompile Include="Pokedex(Maps).cpp">
      <Filter>Source Files\C++_Projects</Filter>
    </ClCompile>
    <ClCompile Include="Linked_Lists.cpp">
      <Filter>Source Files\C++ Concepts</Filter>
    </ClCompile>
    <ClCompile Include="Pointer.cpp">
      <Filter>Source Files\C++ Concepts</Filter>
    </ClCompile>
    <ClCompile Include="Double-LinkedList.cpp">
      <Filter>Source Files\C++ Concepts</Filter>
    </ClCompile>
    <ClCompile Include="Transpose(2D-Array).C">
      <Filter>Source Files\C_Programs</Filter>
    </ClCompile>
    <ClCompile Include="UpperTriangle%282D-Arary%29.C">
      <Filter>Source Files\C_Programs</Filter>
    </ClCompile>
    <ClCompile Include="LowerTriangular(2D-Array).C">
      <Filter>Source Files\C_Programs</Filter>
    </ClCompile>
    <ClCompile Include="OOPs.cpp">
      <Filter>Source Files\College_Lectures</Filter>
    </ClCompile>
    <ClCompile Include="matrixToSparseMatrix(Conversion).C">
      <Filter>Source Files\C_Programs</Filter>
    </ClCompile>
    <ClCompile Include="Source1.C">
      <Filter>Source Files\C_Programs</Filter>
    </ClCompile>
    <ClCompile Include="Source2.C">
      <Filter>Source Files\C_Programs</Filter>
    </ClCompile>
    <ClCompile Include="Stack.cpp">
      <Filter>Source Files\C++ Concepts</Filter>
    </ClCompile>
    <ClCompile Include="Queue.cpp">
      <Filter>Source Files\C++ Concepts</Filter>
    </ClCompile>
    <ClCompile Include="Tree.cpp">
      <Filter>Source Files\C++ Concepts</Filter>
    </ClCompile>
    <ClCompile Include="Trees_pt2.cpp">
      <Filter>Source Files\C++ Concepts</Filter>
    </ClCompile>
    <ClCompile Include="Vectors.cpp">
      <Filter>Source Files\C++ Concepts</Filter>
    </ClCompile>
    <ClCompile Include="LinSearch_Algo.cpp">
      <Filter>Source Files\C++ Concepts</Filter>
    </ClCompile>
    <ClCompile Include="Linear Search.C">
      <Filter>Source Files\C_Programs</Filter>
    </ClCompile>
    <ClCompile Include="Sorting_Algo.cpp">
      <Filter>Source Files\C++ Concepts</Filter>
    </ClCompile>
    <ClCompile Include="insertion_sorting.cpp">
      <Filter>Source Files\C++ Concepts</Filter>
    </ClCompile>
    <ClCompile Include="newsort.cpp">
      <Filter>Source Files\C++ Concepts</Filter>
    </ClCompile>
    <ClCompile Include="😩QuanDale_LingleDingle😩.cpp">
      <Filter>Source Files</Filter>
    </ClCompile>
    <ClCompile Include="BubSortBinSearch.cpp">
      <Filter>Source Files\C++_Projects</Filter>
    </ClCompile>
    <ClCompile Include="Sorters_Menu.cpp">
      <Filter>Source Files\C++_Projects</Filter>
    </ClCompile>
    <ClCompile Include="insertionsSort.cpp">
      <Filter>Source Files\C++ Concepts</Filter>
    </ClCompile>
    <ClCompile Include="quickSort.cpp">
      <Filter>Source Files\C++ Concepts</Filter>
    </ClCompile>
    <ClCompile Include="sort.C">
      <Filter>Source Files\C_Programs</Filter>
    </ClCompile>
    <ClCompile Include="testSpace.cpp">
      <Filter>Source Files\College_Lectures</Filter>
    </ClCompile>
    <ClCompile Include="Testspace.C">
      <Filter>Source Files\College_Lectures</Filter>
    </ClCompile>
  </ItemGroup>
  <ItemGroup>
    <Text Include="spam_Syntax.txt">
      <Filter>Source Files\C++_Projects</Filter>
    </Text>
    <Text Include="Notes.txt">
      <Filter>Source Files\College_Lectures</Filter>
    </Text>
  </ItemGroup>
</Project>